
Microsoft Visual Studio Solution File, Format Version 12.00
# Visual Studio Version 16
VisualStudioVersion = 16.0.30128.74
MinimumVisualStudioVersion = 10.0.40219.1
Project("{9A19103F-16F7-4668-BE54-9A1E7A4F7556}") = "BlazorCRUB", "BlazorCRUB\BlazorCRUB.csproj", "{FE08A31D-0A55-4CF0-B12A-ED358EBBDC1A}"
EndProject
Global
	GlobalSection(SolutionConfigurationPlatforms) = preSolution
		Debug|Any CPU = Debug|Any CPU
		Release|Any CPU = Release|Any CPU
	EndGlobalSection
	GlobalSection(ProjectConfigurationPlatforms) = postSolution
		{FE08A31D-0A55-4CF0-B12A-ED358EBBDC1A}.Debug|Any CPU.ActiveCfg = Debug|Any CPU
		{FE08A31D-0A55-4CF0-B12A-ED358EBBDC1A}.Debug|Any CPU.Build.0 = Debug|Any CPU
		{FE08A31D-0A55-4CF0-B12A-ED358EBBDC1A}.Release|Any CPU.ActiveCfg = Release|Any CPU
		{FE08A31D-0A55-4CF0-B12A-ED358EBBDC1A}.Release|Any CPU.Build.0 = Release|Any CPU
	EndGlobalSection
	GlobalSection(SolutionProperties) = preSolution
		HideSolutionNode = FALSE
	EndGlobalSection
	GlobalSection(ExtensibilityGlobals) = postSolution
		SolutionGuid = {A37A0323-A01C-4D51-8912-F54FD06E2D97}
	EndGlobalSection
EndGlobal
